
Microsoft Visual Studio Solution File, Format Version 12.00
# Visual Studio Version 16
VisualStudioVersion = 16.0.30406.217
MinimumVisualStudioVersion = 10.0.40219.1
Project("{FAE04EC0-301F-11D3-BF4B-00C04F79EFBC}") = "Services", "Services\Services.csproj", "{5BFEB60D-5FA9-4FC6-AFB8-83051136B8BA}"
EndProject
Project("{FAE04EC0-301F-11D3-BF4B-00C04F79EFBC}") = "ServerHost", "ServerHost\ServerHost.csproj", "{491FA555-34BB-4D09-ADAC-2E58C93F3FAD}"
EndProject
Project("{FAE04EC0-301F-11D3-BF4B-00C04F79EFBC}") = "Client", "Client\Client.csproj", "{72355656-5F94-4CEC-99A6-5E9745B6BBD2}"
EndProject
Project("{FAE04EC0-301F-11D3-BF4B-00C04F79EFBC}") = "Entities", "Entities\Entities.csproj", "{026FFB12-E540-4DBA-8C89-A594FFC36C22}"
EndProject
Project("{FAE04EC0-301F-11D3-BF4B-00C04F79EFBC}") = "DataContext", "DataContext\DataContext.csproj", "{6ACC936F-8816-4E99-A8E2-AD2C6E10991C}"
EndProject
Global
	GlobalSection(SolutionConfigurationPlatforms) = preSolution
		Debug|Any CPU = Debug|Any CPU
		Release|Any CPU = Release|Any CPU
	EndGlobalSection
	GlobalSection(ProjectConfigurationPlatforms) = postSolution
		{5BFEB60D-5FA9-4FC6-AFB8-83051136B8BA}.Debug|Any CPU.ActiveCfg = Debug|Any CPU
		{5BFEB60D-5FA9-4FC6-AFB8-83051136B8BA}.Debug|Any CPU.Build.0 = Debug|Any CPU
		{5BFEB60D-5FA9-4FC6-AFB8-83051136B8BA}.Release|Any CPU.ActiveCfg = Release|Any CPU
		{5BFEB60D-5FA9-4FC6-AFB8-83051136B8BA}.Release|Any CPU.Build.0 = Release|Any CPU
		{491FA555-34BB-4D09-ADAC-2E58C93F3FAD}.Debug|Any CPU.ActiveCfg = Debug|Any CPU
		{491FA555-34BB-4D09-ADAC-2E58C93F3FAD}.Debug|Any CPU.Build.0 = Debug|Any CPU
		{491FA555-34BB-4D09-ADAC-2E58C93F3FAD}.Release|Any CPU.ActiveCfg = Release|Any CPU
		{491FA555-34BB-4D09-ADAC-2E58C93F3FAD}.Release|Any CPU.Build.0 = Release|Any CPU
		{72355656-5F94-4CEC-99A6-5E9745B6BBD2}.Debug|Any CPU.ActiveCfg = Debug|Any CPU
		{72355656-5F94-4CEC-99A6-5E9745B6BBD2}.Debug|Any CPU.Build.0 = Debug|Any CPU
		{72355656-5F94-4CEC-99A6-5E9745B6BBD2}.Release|Any CPU.ActiveCfg = Release|Any CPU
		{72355656-5F94-4CEC-99A6-5E9745B6BBD2}.Release|Any CPU.Build.0 = Release|Any CPU
		{026FFB12-E540-4DBA-8C89-A594FFC36C22}.Debug|Any CPU.ActiveCfg = Debug|Any CPU
		{026FFB12-E540-4DBA-8C89-A594FFC36C22}.Debug|Any CPU.Build.0 = Debug|Any CPU
		{026FFB12-E540-4DBA-8C89-A594FFC36C22}.Release|Any CPU.ActiveCfg = Release|Any CPU
		{026FFB12-E540-4DBA-8C89-A594FFC36C22}.Release|Any CPU.Build.0 = Release|Any CPU
		{6ACC936F-8816-4E99-A8E2-AD2C6E10991C}.Debug|Any CPU.ActiveCfg = Debug|Any CPU
		{6ACC936F-8816-4E99-A8E2-AD2C6E10991C}.Debug|Any CPU.Build.0 = Debug|Any CPU
		{6ACC936F-8816-4E99-A8E2-AD2C6E10991C}.Release|Any CPU.ActiveCfg = Release|Any CPU
		{6ACC936F-8816-4E99-A8E2-AD2C6E10991C}.Release|Any CPU.Build.0 = Release|Any CPU
	EndGlobalSection
	GlobalSection(SolutionProperties) = preSolution
		HideSolutionNode = FALSE
	EndGlobalSection
	GlobalSection(ExtensibilityGlobals) = postSolution
		SolutionGuid = {1B28C0C6-D7E5-4ECC-99C2-65D7BCC9682D}
	EndGlobalSection
EndGlobal
